// !$*UTF8*$!
{
	archiveVersion = 1;
	classes = {
	};
	objectVersion = 56;
	objects = {

/* Begin PBXBuildFile section */
		D935D9DF2B2E0BAB003E8ABC /* Adoro11App.swift in Sources */ = {isa = PBXBuildFile; fileRef = D935D9DE2B2E0BAB003E8ABC /* Adoro11App.swift */; };
		D935D9E12B2E0BAB003E8ABC /* ContentView.swift in Sources */ = {isa = PBXBuildFile; fileRef = D935D9E02B2E0BAB003E8ABC /* ContentView.swift */; };
		D935D9E32B2E0BAD003E8ABC /* Assets.xcassets in Resources */ = {isa = PBXBuildFile; fileRef = D935D9E22B2E0BAD003E8ABC /* Assets.xcassets */; };
		D935D9E62B2E0BAD003E8ABC /* Preview Assets.xcassets in Resources */ = {isa = PBXBuildFile; fileRef = D935D9E52B2E0BAD003E8ABC /* Preview Assets.xcassets */; };
		D935D9F02B2E0BAE003E8ABC /* Adoro11Tests.swift in Sources */ = {isa = PBXBuildFile; fileRef = D935D9EF2B2E0BAE003E8ABC /* Adoro11Tests.swift */; };
		D935D9FA2B2E0BAE003E8ABC /* Adoro11UITests.swift in Sources */ = {isa = PBXBuildFile; fileRef = D935D9F92B2E0BAE003E8ABC /* Adoro11UITests.swift */; };
		D935D9FC2B2E0BAE003E8ABC /* Adoro11UITestsLaunchTests.swift in Sources */ = {isa = PBXBuildFile; fileRef = D935D9FB2B2E0BAE003E8ABC /* Adoro11UITestsLaunchTests.swift */; };
/* End PBXBuildFile section */

/* Begin PBXContainerItemProxy section */
		D935D9EC2B2E0BAE003E8ABC /* PBXContainerItemProxy */ = {
			isa = PBXContainerItemProxy;
			containerPortal = D935D9D32B2E0BAB003E8ABC /* Project object */;
			proxyType = 1;
			remoteGlobalIDString = D935D9DA2B2E0BAB003E8ABC;
			remoteInfo = Adoro11;
		};
		D935D9F62B2E0BAE003E8ABC /* PBXContainerItemProxy */ = {
			isa = PBXContainerItemProxy;
			containerPortal = D935D9D32B2E0BAB003E8ABC /* Project object */;
			proxyType = 1;
			remoteGlobalIDString = D935D9DA2B2E0BAB003E8ABC;
			remoteInfo = Adoro11;
		};
/* End PBXContainerItemProxy section */

/* Begin PBXFileReference section */
		D935D9DB2B2E0BAB003E8ABC /* Adoro11.app */ = {isa = PBXFileReference; explicitFileType = wrapper.application; includeInIndex = 0; path = Adoro11.app; sourceTree = BUILT_PRODUCTS_DIR; };
		D935D9DE2B2E0BAB003E8ABC /* Adoro11App.swift */ = {isa = PBXFileReference; lastKnownFileType = sourcecode.swift; path = Adoro11App.swift; sourceTree = "<group>"; };
		D935D9E02B2E0BAB003E8ABC /* ContentView.swift */ = {isa = PBXFileReference; lastKnownFileType = sourcecode.swift; path = ContentView.swift; sourceTree = "<group>"; };
		D935D9E22B2E0BAD003E8ABC /* Assets.xcassets */ = {isa = PBXFileReference; lastKnownFileType = folder.assetcatalog; path = Assets.xcassets; sourceTree = "<group>"; };
		D935D9E52B2E0BAD003E8ABC /* Preview Assets.xcassets */ = {isa = PBXFileReference; lastKnownFileType = folder.assetcatalog; path = "Preview Assets.xcassets"; sourceTree = "<group>"; };
		D935D9EB2B2E0BAE003E8ABC /* Adoro11Tests.xctest */ = {isa = PBXFileReference; explicitFileType = wrapper.cfbundle; includeInIndex = 0; path = Adoro11Tests.xctest; sourceTree = BUILT_PRODUCTS_DIR; };
		D935D9EF2B2E0BAE003E8ABC /* Adoro11Tests.swift */ = {isa = PBXFileReference; lastKnownFileType = sourcecode.swift; path = Adoro11Tests.swift; sourceTree = "<group>"; };
		D935D9F52B2E0BAE003E8ABC /* Adoro11UITests.xctest */ = {isa = PBXFileReference; explicitFileType = wrapper.cfbundle; includeInIndex = 0; path = Adoro11UITests.xctest; sourceTree = BUILT_PRODUCTS_DIR; };
		D935D9F92B2E0BAE003E8ABC /* Adoro11UITests.swift */ = {isa = PBXFileReference; lastKnownFileType = sourcecode.swift; path = Adoro11UITests.swift; sourceTree = "<group>"; };
		D935D9FB2B2E0BAE003E8ABC /* Adoro11UITestsLaunchTests.swift */ = {isa = PBXFileReference; lastKnownFileType = sourcecode.swift; path = Adoro11UITestsLaunchTests.swift; sourceTree = "<group>"; };
/* End PBXFileReference section */

/* Begin PBXFrameworksBuildPhase section */
		D935D9D82B2E0BAB003E8ABC /* Frameworks */ = {
			isa = PBXFrameworksBuildPhase;
			buildActionMask = 2147483647;
			files = (
			);
			runOnlyForDeploymentPostprocessing = 0;
		};
		D935D9E82B2E0BAE003E8ABC /* Frameworks */ = {
			isa = PBXFrameworksBuildPhase;
			buildActionMask = 2147483647;
			files = (
			);
			runOnlyForDeploymentPostprocessing = 0;
		};
		D935D9F22B2E0BAE003E8ABC /* Frameworks */ = {
			isa = PBXFrameworksBuildPhase;
			buildActionMask = 2147483647;
			files = (
			);
			runOnlyForDeploymentPostprocessing = 0;
		};
/* End PBXFrameworksBuildPhase section */

/* Begin PBXGroup section */
		D935D9D22B2E0BAB003E8ABC = {
			isa = PBXGroup;
			children = (
				D935D9DD2B2E0BAB003E8ABC /* Adoro11 */,
				D935D9EE2B2E0BAE003E8ABC /* Adoro11Tests */,
				D935D9F82B2E0BAE003E8ABC /* Adoro11UITests */,
				D935D9DC2B2E0BAB003E8ABC /* Products */,
			);
			sourceTree = "<group>";
		};
		D935D9DC2B2E0BAB003E8ABC /* Products */ = {
			isa = PBXGroup;
			children = (
				D935D9DB2B2E0BAB003E8ABC /* Adoro11.app */,
				D935D9EB2B2E0BAE003E8ABC /* Adoro11Tests.xctest */,
				D935D9F52B2E0BAE003E8ABC /* Adoro11UITests.xctest */,
			);
			name = Products;
			sourceTree = "<group>";
		};
		D935D9DD2B2E0BAB003E8ABC /* Adoro11 */ = {
			isa = PBXGroup;
			children = (
				D935D9DE2B2E0BAB003E8ABC /* Adoro11App.swift */,
				D935D9E02B2E0BAB003E8ABC /* ContentView.swift */,
				D935D9E22B2E0BAD003E8ABC /* Assets.xcassets */,
				D935D9E42B2E0BAD003E8ABC /* Preview Content */,
			);
			path = Adoro11;
			sourceTree = "<group>";
		};
		D935D9E42B2E0BAD003E8ABC /* Preview Content */ = {
			isa = PBXGroup;
			children = (
				D935D9E52B2E0BAD003E8ABC /* Preview Assets.xcassets */,
			);
			path = "Preview Content";
			sourceTree = "<group>";
		};
		D935D9EE2B2E0BAE003E8ABC /* Adoro11Tests */ = {
			isa = PBXGroup;
			children = (
				D935D9EF2B2E0BAE003E8ABC /* Adoro11Tests.swift */,
			);
			path = Adoro11Tests;
			sourceTree = "<group>";
		};
		D935D9F82B2E0BAE003E8ABC /* Adoro11UITests */ = {
			isa = PBXGroup;
			children = (
				D935D9F92B2E0BAE003E8ABC /* Adoro11UITests.swift */,
				D935D9FB2B2E0BAE003E8ABC /* Adoro11UITestsLaunchTests.swift */,
			);
			path = Adoro11UITests;
			sourceTree = "<group>";
		};
/* End PBXGroup section */

/* Begin PBXNativeTarget section */
		D935D9DA2B2E0BAB003E8ABC /* Adoro11 */ = {
			isa = PBXNativeTarget;
			buildConfigurationList = D935D9FF2B2E0BAE003E8ABC /* Build configuration list for PBXNativeTarget "Adoro11" */;
			buildPhases = (
				D935D9D72B2E0BAB003E8ABC /* Sources */,
				D935D9D82B2E0BAB003E8ABC /* Frameworks */,
				D935D9D92B2E0BAB003E8ABC /* Resources */,
			);
			buildRules = (
			);
			dependencies = (
			);
			name = Adoro11;
			productName = Adoro11;
			productReference = D935D9DB2B2E0BAB003E8ABC /* Adoro11.app */;
			productType = "com.apple.product-type.application";
		};
		D935D9EA2B2E0BAE003E8ABC /* Adoro11Tests */ = {
			isa = PBXNativeTarget;
			buildConfigurationList = D935DA022B2E0BAE003E8ABC /* Build configuration list for PBXNativeTarget "Adoro11Tests" */;
			buildPhases = (
				D935D9E72B2E0BAE003E8ABC /* Sources */,
				D935D9E82B2E0BAE003E8ABC /* Frameworks */,
				D935D9E92B2E0BAE003E8ABC /* Resources */,
			);
			buildRules = (
			);
			dependencies = (
				D935D9ED2B2E0BAE003E8ABC /* PBXTargetDependency */,
			);
			name = Adoro11Tests;
			productName = Adoro11Tests;
			productReference = D935D9EB2B2E0BAE003E8ABC /* Adoro11Tests.xctest */;
			productType = "com.apple.product-type.bundle.unit-test";
		};
		D935D9F42B2E0BAE003E8ABC /* Adoro11UITests */ = {
			isa = PBXNativeTarget;
			buildConfigurationList = D935DA052B2E0BAE003E8ABC /* Build configuration list for PBXNativeTarget "Adoro11UITests" */;
			buildPhases = (
				D935D9F12B2E0BAE003E8ABC /* Sources */,
				D935D9F22B2E0BAE003E8ABC /* Frameworks */,
				D935D9F32B2E0BAE003E8ABC /* Resources */,
			);
			buildRules = (
			);
			dependencies = (
				D935D9F72B2E0BAE003E8ABC /* PBXTargetDependency */,
			);
			name = Adoro11UITests;
			productName = Adoro11UITests;
			productReference = D935D9F52B2E0BAE003E8ABC /* Adoro11UITests.xctest */;
			productType = "com.apple.product-type.bundle.ui-testing";
		};
/* End PBXNativeTarget section */

/* Begin PBXProject section */
		D935D9D32B2E0BAB003E8ABC /* Project object */ = {
			isa = PBXProject;
			attributes = {
				BuildIndependentTargetsInParallel = 1;
				LastSwiftUpdateCheck = 1510;
				LastUpgradeCheck = 1510;
				TargetAttributes = {
					D935D9DA2B2E0BAB003E8ABC = {
						CreatedOnToolsVersion = 15.1;
					};
					D935D9EA2B2E0BAE003E8ABC = {
						CreatedOnToolsVersion = 15.1;
						TestTargetID = D935D9DA2B2E0BAB003E8ABC;
					};
					D935D9F42B2E0BAE003E8ABC = {
						CreatedOnToolsVersion = 15.1;
						TestTargetID = D935D9DA2B2E0BAB003E8ABC;
					};
				};
			};
			buildConfigurationList = D935D9D62B2E0BAB003E8ABC /* Build configuration list for PBXProject "Adoro11" */;
			compatibilityVersion = "Xcode 14.0";
			developmentRegion = en;
			hasScannedForEncodings = 0;
			knownRegions = (
				en,
				Base,
			);
			mainGroup = D935D9D22B2E0BAB003E8ABC;
			productRefGroup = D935D9DC2B2E0BAB003E8ABC /* Products */;
			projectDirPath = "";
			projectRoot = "";
			targets = (
				D935D9DA2B2E0BAB003E8ABC /* Adoro11 */,
				D935D9EA2B2E0BAE003E8ABC /* Adoro11Tests */,
				D935D9F42B2E0BAE003E8ABC /* Adoro11UITests */,
			);
		};
/* End PBXProject section */

/* Begin PBXResourcesBuildPhase section */
		D935D9D92B2E0BAB003E8ABC /* Resources */ = {
			isa = PBXResourcesBuildPhase;
			buildActionMask = 2147483647;
			files = (
				D935D9E62B2E0BAD003E8ABC /* Preview Assets.xcassets in Resources */,
				D935D9E32B2E0BAD003E8ABC /* Assets.xcassets in Resources */,
			);
			runOnlyForDeploymentPostprocessing = 0;
		};
		D935D9E92B2E0BAE003E8ABC /* Resources */ = {
			isa = PBXResourcesBuildPhase;
			buildActionMask = 2147483647;
			files = (
			);
			runOnlyForDeploymentPostprocessing = 0;
		};
		D935D9F32B2E0BAE003E8ABC /* Resources */ = {
			isa = PBXResourcesBuildPhase;
			buildActionMask = 2147483647;
			files = (
			);
			runOnlyForDeploymentPostprocessing = 0;
		};
/* End PBXResourcesBuildPhase section */

/* Begin PBXSourcesBuildPhase section */
		D935D9D72B2E0BAB003E8ABC /* Sources */ = {
			isa = PBXSourcesBuildPhase;
			buildActionMask = 2147483647;
			files = (
				D935D9E12B2E0BAB003E8ABC /* ContentView.swift in Sources */,
				D935D9DF2B2E0BAB003E8ABC /* Adoro11App.swift in Sources */,
			);
			runOnlyForDeploymentPostprocessing = 0;
		};
		D935D9E72B2E0BAE003E8ABC /* Sources */ = {
			isa = PBXSourcesBuildPhase;
			buildActionMask = 2147483647;
			files = (
				D935D9F02B2E0BAE003E8ABC /* Adoro11Tests.swift in Sources */,
			);
			runOnlyForDeploymentPostprocessing = 0;
		};
		D935D9F12B2E0BAE003E8ABC /* Sources */ = {
			isa = PBXSourcesBuildPhase;
			buildActionMask = 2147483647;
			files = (
				D935D9FC2B2E0BAE003E8ABC /* Adoro11UITestsLaunchTests.swift in Sources */,
				D935D9FA2B2E0BAE003E8ABC /* Adoro11UITests.swift in Sources */,
			);
			runOnlyForDeploymentPostprocessing = 0;
		};
/* End PBXSourcesBuildPhase section */

/* Begin PBXTargetDependency section */
		D935D9ED2B2E0BAE003E8ABC /* PBXTargetDependency */ = {
			isa = PBXTargetDependency;
			target = D935D9DA2B2E0BAB003E8ABC /* Adoro11 */;
			targetProxy = D935D9EC2B2E0BAE003E8ABC /* PBXContainerItemProxy */;
		};
		D935D9F72B2E0BAE003E8ABC /* PBXTargetDependency */ = {
			isa = PBXTargetDependency;
			target = D935D9DA2B2E0BAB003E8ABC /* Adoro11 */;
			targetProxy = D935D9F62B2E0BAE003E8ABC /* PBXContainerItemProxy */;
		};
/* End PBXTargetDependency section */

/* Begin XCBuildConfiguration section */
		D935D9FD2B2E0BAE003E8ABC /* Debug */ = {
			isa = XCBuildConfiguration;
			buildSettings = {
				ALWAYS_SEARCH_USER_PATHS = NO;
				ASSETCATALOG_COMPILER_GENERATE_SWIFT_ASSET_SYMBOL_EXTENSIONS = YES;
				CLANG_ANALYZER_NONNULL = YES;
				CLANG_ANALYZER_NUMBER_OBJECT_CONVERSION = YES_AGGRESSIVE;
				CLANG_CXX_LANGUAGE_STANDARD = "gnu++20";
				CLANG_ENABLE_MODULES = YES;
				CLANG_ENABLE_OBJC_ARC = YES;
				CLANG_ENABLE_OBJC_WEAK = YES;
				CLANG_WARN_BLOCK_CAPTURE_AUTORELEASING = YES;
				CLANG_WARN_BOOL_CONVERSION = YES;
				CLANG_WARN_COMMA = YES;
				CLANG_WARN_CONSTANT_CONVERSION = YES;
				CLANG_WARN_DEPRECATED_OBJC_IMPLEMENTATIONS = YES;
				CLANG_WARN_DIRECT_OBJC_ISA_USAGE = YES_ERROR;
				CLANG_WARN_DOCUMENTATION_COMMENTS = YES;
				CLANG_WARN_EMPTY_BODY = YES;
				CLANG_WARN_ENUM_CONVERSION = YES;
				CLANG_WARN_INFINITE_RECURSION = YES;
				CLANG_WARN_INT_CONVERSION = YES;
				CLANG_WARN_NON_LITERAL_NULL_CONVERSION = YES;
				CLANG_WARN_OBJC_IMPLICIT_RETAIN_SELF = YES;
				CLANG_WARN_OBJC_LITERAL_CONVERSION = YES;
				CLANG_WARN_OBJC_ROOT_CLASS = YES_ERROR;
				CLANG_WARN_QUOTED_INCLUDE_IN_FRAMEWORK_HEADER = YES;
				CLANG_WARN_RANGE_LOOP_ANALYSIS = YES;
				CLANG_WARN_STRICT_PROTOTYPES = YES;
				CLANG_WARN_SUSPICIOUS_MOVE = YES;
				CLANG_WARN_UNGUARDED_AVAILABILITY = YES_AGGRESSIVE;
				CLANG_WARN_UNREACHABLE_CODE = YES;
				CLANG_WARN__DUPLICATE_METHOD_MATCH = YES;
				COPY_PHASE_STRIP = NO;
				DEBUG_INFORMATION_FORMAT = dwarf;
				ENABLE_STRICT_OBJC_MSGSEND = YES;
				ENABLE_TESTABILITY = YES;
				ENABLE_USER_SCRIPT_SANDBOXING = YES;
				GCC_C_LANGUAGE_STANDARD = gnu17;
				GCC_DYNAMIC_NO_PIC = NO;
				GCC_NO_COMMON_BLOCKS = YES;
				GCC_OPTIMIZATION_LEVEL = 0;
				GCC_PREPROCESSOR_DEFINITIONS = (
					"DEBUG=1",
					"$(inherited)",
				);
				GCC_WARN_64_TO_32_BIT_CONVERSION = YES;
				GCC_WARN_ABOUT_RETURN_TYPE = YES_ERROR;
				GCC_WARN_UNDECLARED_SELECTOR = YES;
				GCC_WARN_UNINITIALIZED_AUTOS = YES_AGGRESSIVE;
				GCC_WARN_UNUSED_FUNCTION = YES;
				GCC_WARN_UNUSED_VARIABLE = YES;
				IPHONEOS_DEPLOYMENT_TARGET = 17.2;
				LOCALIZATION_PREFERS_STRING_CATALOGS = YES;
				MTL_ENABLE_DEBUG_INFO = INCLUDE_SOURCE;
				MTL_FAST_MATH = YES;
				ONLY_ACTIVE_ARCH = YES;
				SDKROOT = iphoneos;
				SWIFT_ACTIVE_COMPILATION_CONDITIONS = "DEBUG $(inherited)";
				SWIFT_OPTIMIZATION_LEVEL = "-Onone";
			};
			name = Debug;
		};
		D935D9FE2B2E0BAE003E8ABC /* Release */ = {
			isa = XCBuildConfiguration;
			buildSettings = {
				ALWAYS_SEARCH_USER_PATHS = NO;
				ASSETCATALOG_COMPILER_GENERATE_SWIFT_ASSET_SYMBOL_EXTENSIONS = YES;
				CLANG_ANALYZER_NONNULL = YES;
				CLANG_ANALYZER_NUMBER_OBJECT_CONVERSION = YES_AGGRESSIVE;
				CLANG_CXX_LANGUAGE_STANDARD = "gnu++20";
				CLANG_ENABLE_MODULES = YES;
				CLANG_ENABLE_OBJC_ARC = YES;
				CLANG_ENABLE_OBJC_WEAK = YES;
				CLANG_WARN_BLOCK_CAPTURE_AUTORELEASING = YES;
				CLANG_WARN_BOOL_CONVERSION = YES;
				CLANG_WARN_COMMA = YES;
				CLANG_WARN_CONSTANT_CONVERSION = YES;
				CLANG_WARN_DEPRECATED_OBJC_IMPLEMENTATIONS = YES;
				CLANG_WARN_DIRECT_OBJC_ISA_USAGE = YES_ERROR;
				CLANG_WARN_DOCUMENTATION_COMMENTS = YES;
				CLANG_WARN_EMPTY_BODY = YES;
				CLANG_WARN_ENUM_CONVERSION = YES;
				CLANG_WARN_INFINITE_RECURSION = YES;
				CLANG_WARN_INT_CONVERSION = YES;
				CLANG_WARN_NON_LITERAL_NULL_CONVERSION = YES;
				CLANG_WARN_OBJC_IMPLICIT_RETAIN_SELF = YES;
				CLANG_WARN_OBJC_LITERAL_CONVERSION = YES;
				CLANG_WARN_OBJC_ROOT_CLASS = YES_ERROR;
				CLANG_WARN_QUOTED_INCLUDE_IN_FRAMEWORK_HEADER = YES;
				CLANG_WARN_RANGE_LOOP_ANALYSIS = YES;
				CLANG_WARN_STRICT_PROTOTYPES = YES;
				CLANG_WARN_SUSPICIOUS_MOVE = YES;
				CLANG_WARN_UNGUARDED_AVAILABILITY = YES_AGGRESSIVE;
				CLANG_WARN_UNREACHABLE_CODE = YES;
				CLANG_WARN__DUPLICATE_METHOD_MATCH = YES;
				COPY_PHASE_STRIP = NO;
				DEBUG_INFORMATION_FORMAT = "dwarf-with-dsym";
				ENABLE_NS_ASSERTIONS = NO;
				ENABLE_STRICT_OBJC_MSGSEND = YES;
				ENABLE_USER_SCRIPT_SANDBOXING = YES;
				GCC_C_LANGUAGE_STANDARD = gnu17;
				GCC_NO_COMMON_BLOCKS = YES;
				GCC_WARN_64_TO_32_BIT_CONVERSION = YES;
				GCC_WARN_ABOUT_RETURN_TYPE = YES_ERROR;
				GCC_WARN_UNDECLARED_SELECTOR = YES;
				GCC_WARN_UNINITIALIZED_AUTOS = YES_AGGRESSIVE;
				GCC_WARN_UNUSED_FUNCTION = YES;
				GCC_WARN_UNUSED_VARIABLE = YES;
				IPHONEOS_DEPLOYMENT_TARGET = 17.2;
				LOCALIZATION_PREFERS_STRING_CATALOGS = YES;
				MTL_ENABLE_DEBUG_INFO = NO;
				MTL_FAST_MATH = YES;
				SDKROOT = iphoneos;
				SWIFT_COMPILATION_MODE = wholemodule;
				VALIDATE_PRODUCT = YES;
			};
			name = Release;
		};
		D935DA002B2E0BAE003E8ABC /* Debug */ = {
			isa = XCBuildConfiguration;
			buildSettings = {
				ASSETCATALOG_COMPILER_APPICON_NAME = AppIcon;
				ASSETCATALOG_COMPILER_GLOBAL_ACCENT_COLOR_NAME = AccentColor;
				CODE_SIGN_STYLE = Automatic;
				CURRENT_PROJECT_VERSION = 1;
				DEVELOPMENT_ASSET_PATHS = "\"Adoro11/Preview Content\"";
				DEVELOPMENT_TEAM = L8X3H5XA82;
				ENABLE_PREVIEWS = YES;
				GENERATE_INFOPLIST_FILE = YES;
				INFOPLIST_KEY_UIApplicationSceneManifest_Generation = YES;
				INFOPLIST_KEY_UIApplicationSupportsIndirectInputEvents = YES;
				INFOPLIST_KEY_UILaunchScreen_Generation = YES;
				INFOPLIST_KEY_UISupportedInterfaceOrientations_iPad = "UIInterfaceOrientationPortrait UIInterfaceOrientationPortraitUpsideDown UIInterfaceOrientationLandscapeLeft UIInterfaceOrientationLandscapeRight";
				INFOPLIST_KEY_UISupportedInterfaceOrientations_iPhone = "UIInterfaceOrientationPortrait UIInterfaceOrientationLandscapeLeft UIInterfaceOrientationLandscapeRight";
				LD_RUNPATH_SEARCH_PATHS = (
					"$(inherited)",
					"@executable_path/Frameworks",
				);
				MARKETING_VERSION = 1.0;
				PRODUCT_BUNDLE_IDENTIFIER = br.com.rafaelschmitt.Adoro11;
				PRODUCT_NAME = "$(TARGET_NAME)";
				SWIFT_EMIT_LOC_STRINGS = YES;
				SWIFT_VERSION = 5.0;
				TARGETED_DEVICE_FAMILY = "1,2";
			};
			name = Debug;
		};
		D935DA012B2E0BAE003E8ABC /* Release */ = {
			isa = XCBuildConfiguration;
			buildSettings = {
				ASSETCATALOG_COMPILER_APPICON_NAME = AppIcon;
				ASSETCATALOG_COMPILER_GLOBAL_ACCENT_COLOR_NAME = AccentColor;
				CODE_SIGN_STYLE = Automatic;
				CURRENT_PROJECT_VERSION = 1;
				DEVELOPMENT_ASSET_PATHS = "\"Adoro11/Preview Content\"";
				DEVELOPMENT_TEAM = L8X3H5XA82;
				ENABLE_PREVIEWS = YES;
				GENERATE_INFOPLIST_FILE = YES;
				INFOPLIST_KEY_UIApplicationSceneManifest_Generation = YES;
				INFOPLIST_KEY_UIApplicationSupportsIndirectInputEvents = YES;
				INFOPLIST_KEY_UILaunchScreen_Generation = YES;
				INFOPLIST_KEY_UISupportedInterfaceOrientations_iPad = "UIInterfaceOrientationPortrait UIInterfaceOrientationPortraitUpsideDown UIInterfaceOrientationLandscapeLeft UIInterfaceOrientationLandscapeRight";
				INFOPLIST_KEY_UISupportedInterfaceOrientations_iPhone = "UIInterfaceOrientationPortrait UIInterfaceOrientationLandscapeLeft UIInterfaceOrientationLandscapeRight";
				LD_RUNPATH_SEARCH_PATHS = (
					"$(inherited)",
					"@executable_path/Frameworks",
				);
				MARKETING_VERSION = 1.0;
				PRODUCT_BUNDLE_IDENTIFIER = br.com.rafaelschmitt.Adoro11;
				PRODUCT_NAME = "$(TARGET_NAME)";
				SWIFT_EMIT_LOC_STRINGS = YES;
				SWIFT_VERSION = 5.0;
				TARGETED_DEVICE_FAMILY = "1,2";
			};
			name = Release;
		};
		D935DA032B2E0BAE003E8ABC /* Debug */ = {
			isa = XCBuildConfiguration;
			buildSettings = {
				ALWAYS_EMBED_SWIFT_STANDARD_LIBRARIES = YES;
				BUNDLE_LOADER = "$(TEST_HOST)";
				CODE_SIGN_STYLE = Automatic;
				CURRENT_PROJECT_VERSION = 1;
				DEVELOPMENT_TEAM = L8X3H5XA82;
				GENERATE_INFOPLIST_FILE = YES;
				IPHONEOS_DEPLOYMENT_TARGET = 17.2;
				MARKETING_VERSION = 1.0;
				PRODUCT_BUNDLE_IDENTIFIER = br.com.rafaelschmitt.Adoro11Tests;
				PRODUCT_NAME = "$(TARGET_NAME)";
				SWIFT_EMIT_LOC_STRINGS = NO;
				SWIFT_VERSION = 5.0;
				TARGETED_DEVICE_FAMILY = "1,2";
				TEST_HOST = "$(BUILT_PRODUCTS_DIR)/Adoro11.app/$(BUNDLE_EXECUTABLE_FOLDER_PATH)/Adoro11";
			};
			name = Debug;
		};
		D935DA042B2E0BAE003E8ABC /* Release */ = {
			isa = XCBuildConfiguration;
			buildSettings = {
				ALWAYS_EMBED_SWIFT_STANDARD_LIBRARIES = YES;
				BUNDLE_LOADER = "$(TEST_HOST)";
				CODE_SIGN_STYLE = Automatic;
				CURRENT_PROJECT_VERSION = 1;
				DEVELOPMENT_TEAM = L8X3H5XA82;
				GENERATE_INFOPLIST_FILE = YES;
				IPHONEOS_DEPLOYMENT_TARGET = 17.2;
				MARKETING_VERSION = 1.0;
				PRODUCT_BUNDLE_IDENTIFIER = br.com.rafaelschmitt.Adoro11Tests;
				PRODUCT_NAME = "$(TARGET_NAME)";
				SWIFT_EMIT_LOC_STRINGS = NO;
				SWIFT_VERSION = 5.0;
				TARGETED_DEVICE_FAMILY = "1,2";
				TEST_HOST = "$(BUILT_PRODUCTS_DIR)/Adoro11.app/$(BUNDLE_EXECUTABLE_FOLDER_PATH)/Adoro11";
			};
			name = Release;
		};
		D935DA062B2E0BAE003E8ABC /* Debug */ = {
			isa = XCBuildConfiguration;
			buildSettings = {
				ALWAYS_EMBED_SWIFT_STANDARD_LIBRARIES = YES;
				CODE_SIGN_STYLE = Automatic;
				CURRENT_PROJECT_VERSION = 1;
				DEVELOPMENT_TEAM = L8X3H5XA82;
				GENERATE_INFOPLIST_FILE = YES;
				MARKETING_VERSION = 1.0;
				PRODUCT_BUNDLE_IDENTIFIER = br.com.rafaelschmitt.Adoro11UITests;
				PRODUCT_NAME = "$(TARGET_NAME)";
				SWIFT_EMIT_LOC_STRINGS = NO;
				SWIFT_VERSION = 5.0;
				TARGETED_DEVICE_FAMILY = "1,2";
				TEST_TARGET_NAME = Adoro11;
			};
			name = Debug;
		};
		D935DA072B2E0BAE003E8ABC /* Release */ = {
			isa = XCBuildConfiguration;
			buildSettings = {
				ALWAYS_EMBED_SWIFT_STANDARD_LIBRARIES = YES;
				CODE_SIGN_STYLE = Automatic;
				CURRENT_PROJECT_VERSION = 1;
				DEVELOPMENT_TEAM = L8X3H5XA82;
				GENERATE_INFOPLIST_FILE = YES;
				MARKETING_VERSION = 1.0;
				PRODUCT_BUNDLE_IDENTIFIER = br.com.rafaelschmitt.Adoro11UITests;
				PRODUCT_NAME = "$(TARGET_NAME)";
				SWIFT_EMIT_LOC_STRINGS = NO;
				SWIFT_VERSION = 5.0;
				TARGETED_DEVICE_FAMILY = "1,2";
				TEST_TARGET_NAME = Adoro11;
			};
			name = Release;
		};
/* End XCBuildConfiguration section */

/* Begin XCConfigurationList section */
		D935D9D62B2E0BAB003E8ABC /* Build configuration list for PBXProject "Adoro11" */ = {
			isa = XCConfigurationList;
			buildConfigurations = (
				D935D9FD2B2E0BAE003E8ABC /* Debug */,
				D935D9FE2B2E0BAE003E8ABC /* Release */,
			);
			defaultConfigurationIsVisible = 0;
			defaultConfigurationName = Release;
		};
		D935D9FF2B2E0BAE003E8ABC /* Build configuration list for PBXNativeTarget "Adoro11" */ = {
			isa = XCConfigurationList;
			buildConfigurations = (
				D935DA002B2E0BAE003E8ABC /* Debug */,
				D935DA012B2E0BAE003E8ABC /* Release */,
			);
			defaultConfigurationIsVisible = 0;
			defaultConfigurationName = Release;
		};
		D935DA022B2E0BAE003E8ABC /* Build configuration list for PBXNativeTarget "Adoro11Tests" */ = {
			isa = XCConfigurationList;
			buildConfigurations = (
				D935DA032B2E0BAE003E8ABC /* Debug */,
				D935DA042B2E0BAE003E8ABC /* Release */,
			);
			defaultConfigurationIsVisible = 0;
			defaultConfigurationName = Release;
		};
		D935DA052B2E0BAE003E8ABC /* Build configuration list for PBXNativeTarget "Adoro11UITests" */ = {
			isa = XCConfigurationList;
			buildConfigurations = (
				D935DA062B2E0BAE003E8ABC /* Debug */,
				D935DA072B2E0BAE003E8ABC /* Release */,
			);
			defaultConfigurationIsVisible = 0;
			defaultConfigurationName = Release;
		};
/* End XCConfigurationList section */
	};
	rootObject = D935D9D32B2E0BAB003E8ABC /* Project object */;
}
